
Microsoft Visual Studio Solution File, Format Version 12.00
# Visual Studio Version 16
VisualStudioVersion = 16.0.31129.286
MinimumVisualStudioVersion = 10.0.40219.1
Project("{9A19103F-16F7-4668-BE54-9A1E7A4F7556}") = "Delete.API", "delete\Delete.API.csproj", "{97FF7078-6FE0-4501-84DE-4CA34FF9F153}"
EndProject
Project("{9A19103F-16F7-4668-BE54-9A1E7A4F7556}") = "Delete.Database", "Delete.Database\Delete.Database.csproj", "{4F5293E1-1D1E-46F6-86DA-CA93F7F83787}"
EndProject
Project("{9A19103F-16F7-4668-BE54-9A1E7A4F7556}") = "Delete.Models", "Delete.Models\Delete.Models.csproj", "{794AF38A-4ECB-4397-A708-3BC01F84BC44}"
EndProject
Project("{9A19103F-16F7-4668-BE54-9A1E7A4F7556}") = "Delete.Services", "Delete.Services\Delete.Services.csproj", "{CA3D390A-86F7-4C4A-8A33-891213BB6B58}"
EndProject
Project("{FAE04EC0-301F-11D3-BF4B-00C04F79EFBC}") = "Delete.Utility", "Delete.Utility\Delete.Utility.csproj", "{DBC849BC-D043-4969-9804-93E6C4C0B43A}"
EndProject
Global
	GlobalSection(SolutionConfigurationPlatforms) = preSolution
		Debug|Any CPU = Debug|Any CPU
		Release|Any CPU = Release|Any CPU
	EndGlobalSection
	GlobalSection(ProjectConfigurationPlatforms) = postSolution
		{97FF7078-6FE0-4501-84DE-4CA34FF9F153}.Debug|Any CPU.ActiveCfg = Debug|Any CPU
		{97FF7078-6FE0-4501-84DE-4CA34FF9F153}.Debug|Any CPU.Build.0 = Debug|Any CPU
		{97FF7078-6FE0-4501-84DE-4CA34FF9F153}.Release|Any CPU.ActiveCfg = Release|Any CPU
		{97FF7078-6FE0-4501-84DE-4CA34FF9F153}.Release|Any CPU.Build.0 = Release|Any CPU
		{4F5293E1-1D1E-46F6-86DA-CA93F7F83787}.Debug|Any CPU.ActiveCfg = Debug|Any CPU
		{4F5293E1-1D1E-46F6-86DA-CA93F7F83787}.Debug|Any CPU.Build.0 = Debug|Any CPU
		{4F5293E1-1D1E-46F6-86DA-CA93F7F83787}.Release|Any CPU.ActiveCfg = Release|Any CPU
		{4F5293E1-1D1E-46F6-86DA-CA93F7F83787}.Release|Any CPU.Build.0 = Release|Any CPU
		{794AF38A-4ECB-4397-A708-3BC01F84BC44}.Debug|Any CPU.ActiveCfg = Debug|Any CPU
		{794AF38A-4ECB-4397-A708-3BC01F84BC44}.Debug|Any CPU.Build.0 = Debug|Any CPU
		{794AF38A-4ECB-4397-A708-3BC01F84BC44}.Release|Any CPU.ActiveCfg = Release|Any CPU
		{794AF38A-4ECB-4397-A708-3BC01F84BC44}.Release|Any CPU.Build.0 = Release|Any CPU
		{CA3D390A-86F7-4C4A-8A33-891213BB6B58}.Debug|Any CPU.ActiveCfg = Debug|Any CPU
		{CA3D390A-86F7-4C4A-8A33-891213BB6B58}.Debug|Any CPU.Build.0 = Debug|Any CPU
		{CA3D390A-86F7-4C4A-8A33-891213BB6B58}.Release|Any CPU.ActiveCfg = Release|Any CPU
		{CA3D390A-86F7-4C4A-8A33-891213BB6B58}.Release|Any CPU.Build.0 = Release|Any CPU
		{DBC849BC-D043-4969-9804-93E6C4C0B43A}.Debug|Any CPU.ActiveCfg = Debug|Any CPU
		{DBC849BC-D043-4969-9804-93E6C4C0B43A}.Debug|Any CPU.Build.0 = Debug|Any CPU
		{DBC849BC-D043-4969-9804-93E6C4C0B43A}.Release|Any CPU.ActiveCfg = Release|Any CPU
		{DBC849BC-D043-4969-9804-93E6C4C0B43A}.Release|Any CPU.Build.0 = Release|Any CPU
	EndGlobalSection
	GlobalSection(SolutionProperties) = preSolution
		HideSolutionNode = FALSE
	EndGlobalSection
	GlobalSection(ExtensibilityGlobals) = postSolution
		SolutionGuid = {CD6BF840-0340-4154-9340-025910A72ED2}
	EndGlobalSection
EndGlobal
